
Microsoft Visual Studio Solution File, Format Version 12.00
# Visual Studio Version 17
VisualStudioVersion = 17.0.32126.317
MinimumVisualStudioVersion = 10.0.40219.1
Project("{FAE04EC0-301F-11D3-BF4B-00C04F79EFBC}") = "grpc", "grpc\grpc.csproj", "{8782CB45-87D9-4B96-B2AA-9D35F855043A}"
EndProject
Global
	GlobalSection(SolutionConfigurationPlatforms) = preSolution
		Debug|Any CPU = Debug|Any CPU
		Release|Any CPU = Release|Any CPU
	EndGlobalSection
	GlobalSection(ProjectConfigurationPlatforms) = postSolution
		{8782CB45-87D9-4B96-B2AA-9D35F855043A}.Debug|Any CPU.ActiveCfg = Debug|Any CPU
		{8782CB45-87D9-4B96-B2AA-9D35F855043A}.Debug|Any CPU.Build.0 = Debug|Any CPU
		{8782CB45-87D9-4B96-B2AA-9D35F855043A}.Release|Any CPU.ActiveCfg = Release|Any CPU
		{8782CB45-87D9-4B96-B2AA-9D35F855043A}.Release|Any CPU.Build.0 = Release|Any CPU
	EndGlobalSection
	GlobalSection(SolutionProperties) = preSolution
		HideSolutionNode = FALSE
	EndGlobalSection
	GlobalSection(ExtensibilityGlobals) = postSolution
		SolutionGuid = {E3157422-7D19-468C-B202-2DBE0836DC86}
	EndGlobalSection
EndGlobal
