
Microsoft Visual Studio Solution File, Format Version 12.00
# Visual Studio Version 17
VisualStudioVersion = 17.0.32126.317
MinimumVisualStudioVersion = 10.0.40219.1
Project("{FAE04EC0-301F-11D3-BF4B-00C04F79EFBC}") = "grpc-client-csharp", "grpc-client-csharp\grpc-client-csharp.csproj", "{EB8B10F4-F74F-4BE7-955C-DF95D6CB3E42}"
EndProject
Global
	GlobalSection(SolutionConfigurationPlatforms) = preSolution
		Debug|Any CPU = Debug|Any CPU
		Release|Any CPU = Release|Any CPU
	EndGlobalSection
	GlobalSection(ProjectConfigurationPlatforms) = postSolution
		{EB8B10F4-F74F-4BE7-955C-DF95D6CB3E42}.Debug|Any CPU.ActiveCfg = Debug|Any CPU
		{EB8B10F4-F74F-4BE7-955C-DF95D6CB3E42}.Debug|Any CPU.Build.0 = Debug|Any CPU
		{EB8B10F4-F74F-4BE7-955C-DF95D6CB3E42}.Release|Any CPU.ActiveCfg = Release|Any CPU
		{EB8B10F4-F74F-4BE7-955C-DF95D6CB3E42}.Release|Any CPU.Build.0 = Release|Any CPU
	EndGlobalSection
	GlobalSection(SolutionProperties) = preSolution
		HideSolutionNode = FALSE
	EndGlobalSection
	GlobalSection(ExtensibilityGlobals) = postSolution
		SolutionGuid = {4FF1C6BD-952F-42EA-A87D-1814F6DD2825}
	EndGlobalSection
EndGlobal
